{
  "object": {
    "pins": [
      {
        "package": "w3w-swift-wrapper",
        "repositoryURL": "https://github.com/what3words/w3w-swift-wrapper.git",
        "state": {
          "branch": null,
          "revision": "6f0199f942fe4a43a1d92d0dc3d5afc82241624a",
          "version": "3.8.0"
        }
      }
    ]
  },
  "version": 1
}
